
Microsoft Visual Studio Solution File, Format Version 12.00
# Visual Studio Version 17
VisualStudioVersion = 17.6.33723.286
MinimumVisualStudioVersion = 10.0.40219.1
Project("{FAE04EC0-301F-11D3-BF4B-00C04F79EFBC}") = "HeroesAPI", "HeroesAPI\HeroesAPI.csproj", "{8FEEE88A-054E-4879-A7ED-F8C79158B829}"
EndProject
Global
	GlobalSection(SolutionConfigurationPlatforms) = preSolution
		Debug|Any CPU = Debug|Any CPU
		Release|Any CPU = Release|Any CPU
	EndGlobalSection
	GlobalSection(ProjectConfigurationPlatforms) = postSolution
		{8FEEE88A-054E-4879-A7ED-F8C79158B829}.Debug|Any CPU.ActiveCfg = Debug|Any CPU
		{8FEEE88A-054E-4879-A7ED-F8C79158B829}.Debug|Any CPU.Build.0 = Debug|Any CPU
		{8FEEE88A-054E-4879-A7ED-F8C79158B829}.Release|Any CPU.ActiveCfg = Release|Any CPU
		{8FEEE88A-054E-4879-A7ED-F8C79158B829}.Release|Any CPU.Build.0 = Release|Any CPU
	EndGlobalSection
	GlobalSection(SolutionProperties) = preSolution
		HideSolutionNode = FALSE
	EndGlobalSection
	GlobalSection(ExtensibilityGlobals) = postSolution
		SolutionGuid = {1A7E2EDE-978F-4ED4-B1FF-8F4C45BF051F}
	EndGlobalSection
EndGlobal
